
Microsoft Visual Studio Solution File, Format Version 12.00
# Visual Studio Version 17
VisualStudioVersion = 17.7.34018.315
MinimumVisualStudioVersion = 10.0.40219.1
Project("{8BC9CEB8-8B4A-11D0-8D11-00A0C91BC942}") = "Proyecto bien", "Proyecto bien\Proyecto bien.vcxproj", "{26425EE0-05CA-476C-8077-37F2D69A7FB1}"
EndProject
Global
	GlobalSection(SolutionConfigurationPlatforms) = preSolution
		Debug|x64 = Debug|x64
		Debug|x86 = Debug|x86
		Release|x64 = Release|x64
		Release|x86 = Release|x86
	EndGlobalSection
	GlobalSection(ProjectConfigurationPlatforms) = postSolution
		{26425EE0-05CA-476C-8077-37F2D69A7FB1}.Debug|x64.ActiveCfg = Debug|x64
		{26425EE0-05CA-476C-8077-37F2D69A7FB1}.Debug|x64.Build.0 = Debug|x64
		{26425EE0-05CA-476C-8077-37F2D69A7FB1}.Debug|x86.ActiveCfg = Debug|Win32
		{26425EE0-05CA-476C-8077-37F2D69A7FB1}.Debug|x86.Build.0 = Debug|Win32
		{26425EE0-05CA-476C-8077-37F2D69A7FB1}.Release|x64.ActiveCfg = Release|x64
		{26425EE0-05CA-476C-8077-37F2D69A7FB1}.Release|x64.Build.0 = Release|x64
		{26425EE0-05CA-476C-8077-37F2D69A7FB1}.Release|x86.ActiveCfg = Release|Win32
		{26425EE0-05CA-476C-8077-37F2D69A7FB1}.Release|x86.Build.0 = Release|Win32
	EndGlobalSection
	GlobalSection(SolutionProperties) = preSolution
		HideSolutionNode = FALSE
	EndGlobalSection
	GlobalSection(ExtensibilityGlobals) = postSolution
		SolutionGuid = {E11A5026-2CF5-4368-AF5C-1648A363EFDC}
	EndGlobalSection
EndGlobal
